
Microsoft Visual Studio Solution File, Format Version 12.00
# Visual Studio Version 16
VisualStudioVersion = 16.0.31005.135
MinimumVisualStudioVersion = 10.0.40219.1
Project("{FAE04EC0-301F-11D3-BF4B-00C04F79EFBC}") = "DistanceConverter", "DistanceConverter\DistanceConverter.csproj", "{020D7D05-B4D2-471B-B2A2-4892133EBFA7}"
EndProject
Project("{FAE04EC0-301F-11D3-BF4B-00C04F79EFBC}") = "SalesCalculator", "SalesCalculator\SalesCalculator.csproj", "{0F6B3DDF-7A94-48AA-A89E-2B46B0CF644F}"
EndProject
Global
	GlobalSection(SolutionConfigurationPlatforms) = preSolution
		Debug|Any CPU = Debug|Any CPU
		Release|Any CPU = Release|Any CPU
	EndGlobalSection
	GlobalSection(ProjectConfigurationPlatforms) = postSolution
		{020D7D05-B4D2-471B-B2A2-4892133EBFA7}.Debug|Any CPU.ActiveCfg = Debug|Any CPU
		{020D7D05-B4D2-471B-B2A2-4892133EBFA7}.Debug|Any CPU.Build.0 = Debug|Any CPU
		{020D7D05-B4D2-471B-B2A2-4892133EBFA7}.Release|Any CPU.ActiveCfg = Release|Any CPU
		{020D7D05-B4D2-471B-B2A2-4892133EBFA7}.Release|Any CPU.Build.0 = Release|Any CPU
		{0F6B3DDF-7A94-48AA-A89E-2B46B0CF644F}.Debug|Any CPU.ActiveCfg = Debug|Any CPU
		{0F6B3DDF-7A94-48AA-A89E-2B46B0CF644F}.Debug|Any CPU.Build.0 = Debug|Any CPU
		{0F6B3DDF-7A94-48AA-A89E-2B46B0CF644F}.Release|Any CPU.ActiveCfg = Release|Any CPU
		{0F6B3DDF-7A94-48AA-A89E-2B46B0CF644F}.Release|Any CPU.Build.0 = Release|Any CPU
	EndGlobalSection
	GlobalSection(SolutionProperties) = preSolution
		HideSolutionNode = FALSE
	EndGlobalSection
	GlobalSection(ExtensibilityGlobals) = postSolution
		SolutionGuid = {4620995E-57D9-4BB7-BB74-97321DCC326D}
	EndGlobalSection
EndGlobal
