
Microsoft Visual Studio Solution File, Format Version 12.00
# Visual Studio Version 16
VisualStudioVersion = 16.0.30717.126
MinimumVisualStudioVersion = 10.0.40219.1
Project("{FAE04EC0-301F-11D3-BF4B-00C04F79EFBC}") = "ExpenseIt", "ExpenseIt\ExpenseIt.csproj", "{E700E06A-EF36-4BEB-83B6-B485BC4CB6F9}"
EndProject
Global
	GlobalSection(SolutionConfigurationPlatforms) = preSolution
		Debug|Any CPU = Debug|Any CPU
		Release|Any CPU = Release|Any CPU
	EndGlobalSection
	GlobalSection(ProjectConfigurationPlatforms) = postSolution
		{E700E06A-EF36-4BEB-83B6-B485BC4CB6F9}.Debug|Any CPU.ActiveCfg = Debug|Any CPU
		{E700E06A-EF36-4BEB-83B6-B485BC4CB6F9}.Debug|Any CPU.Build.0 = Debug|Any CPU
		{E700E06A-EF36-4BEB-83B6-B485BC4CB6F9}.Release|Any CPU.ActiveCfg = Release|Any CPU
		{E700E06A-EF36-4BEB-83B6-B485BC4CB6F9}.Release|Any CPU.Build.0 = Release|Any CPU
	EndGlobalSection
	GlobalSection(SolutionProperties) = preSolution
		HideSolutionNode = FALSE
	EndGlobalSection
	GlobalSection(ExtensibilityGlobals) = postSolution
		SolutionGuid = {6C7BED9B-3FB5-427E-A7A3-56A625F1C88B}
	EndGlobalSection
EndGlobal
