
Microsoft Visual Studio Solution File, Format Version 12.00
# Visual Studio Version 16
VisualStudioVersion = 16.0.30717.126
MinimumVisualStudioVersion = 10.0.40219.1
Project("{FAE04EC0-301F-11D3-BF4B-00C04F79EFBC}") = "Binding", "Binding\Binding.csproj", "{34179443-477A-436C-B90F-6A9748219F3E}"
EndProject
Project("{FAE04EC0-301F-11D3-BF4B-00C04F79EFBC}") = "DataTemplate", "DataTemplate\DataTemplate.csproj", "{AA1490CB-F8F6-4141-BF4E-46BFF52D9EA9}"
EndProject
Project("{FAE04EC0-301F-11D3-BF4B-00C04F79EFBC}") = "ObservableCollection", "ObservableCollection\ObservableCollection.csproj", "{EF4B0BB3-202F-45FE-9394-436331C24EB2}"
EndProject
Project("{FAE04EC0-301F-11D3-BF4B-00C04F79EFBC}") = "Style", "Style\Style.csproj", "{470A368F-E39B-426D-8F4A-7E107E8E07B0}"
EndProject
Global
	GlobalSection(SolutionConfigurationPlatforms) = preSolution
		Debug|Any CPU = Debug|Any CPU
		Release|Any CPU = Release|Any CPU
	EndGlobalSection
	GlobalSection(ProjectConfigurationPlatforms) = postSolution
		{34179443-477A-436C-B90F-6A9748219F3E}.Debug|Any CPU.ActiveCfg = Debug|Any CPU
		{34179443-477A-436C-B90F-6A9748219F3E}.Debug|Any CPU.Build.0 = Debug|Any CPU
		{34179443-477A-436C-B90F-6A9748219F3E}.Release|Any CPU.ActiveCfg = Release|Any CPU
		{34179443-477A-436C-B90F-6A9748219F3E}.Release|Any CPU.Build.0 = Release|Any CPU
		{AA1490CB-F8F6-4141-BF4E-46BFF52D9EA9}.Debug|Any CPU.ActiveCfg = Debug|Any CPU
		{AA1490CB-F8F6-4141-BF4E-46BFF52D9EA9}.Debug|Any CPU.Build.0 = Debug|Any CPU
		{AA1490CB-F8F6-4141-BF4E-46BFF52D9EA9}.Release|Any CPU.ActiveCfg = Release|Any CPU
		{AA1490CB-F8F6-4141-BF4E-46BFF52D9EA9}.Release|Any CPU.Build.0 = Release|Any CPU
		{EF4B0BB3-202F-45FE-9394-436331C24EB2}.Debug|Any CPU.ActiveCfg = Debug|Any CPU
		{EF4B0BB3-202F-45FE-9394-436331C24EB2}.Debug|Any CPU.Build.0 = Debug|Any CPU
		{EF4B0BB3-202F-45FE-9394-436331C24EB2}.Release|Any CPU.ActiveCfg = Release|Any CPU
		{EF4B0BB3-202F-45FE-9394-436331C24EB2}.Release|Any CPU.Build.0 = Release|Any CPU
		{470A368F-E39B-426D-8F4A-7E107E8E07B0}.Debug|Any CPU.ActiveCfg = Debug|Any CPU
		{470A368F-E39B-426D-8F4A-7E107E8E07B0}.Debug|Any CPU.Build.0 = Debug|Any CPU
		{470A368F-E39B-426D-8F4A-7E107E8E07B0}.Release|Any CPU.ActiveCfg = Release|Any CPU
		{470A368F-E39B-426D-8F4A-7E107E8E07B0}.Release|Any CPU.Build.0 = Release|Any CPU
	EndGlobalSection
	GlobalSection(SolutionProperties) = preSolution
		HideSolutionNode = FALSE
	EndGlobalSection
	GlobalSection(ExtensibilityGlobals) = postSolution
		SolutionGuid = {C7BD6CCC-CED1-4304-850E-48E31B9D9394}
	EndGlobalSection
EndGlobal
