
Microsoft Visual Studio Solution File, Format Version 12.00
# Visual Studio Version 16
VisualStudioVersion = 16.0.30717.126
MinimumVisualStudioVersion = 10.0.40219.1
Project("{FAE04EC0-301F-11D3-BF4B-00C04F79EFBC}") = "Binding", "Binding\Binding.csproj", "{34179443-477A-436C-B90F-6A9748219F3E}"
EndProject
Global
	GlobalSection(SolutionConfigurationPlatforms) = preSolution
		Debug|Any CPU = Debug|Any CPU
		Release|Any CPU = Release|Any CPU
	EndGlobalSection
	GlobalSection(ProjectConfigurationPlatforms) = postSolution
		{34179443-477A-436C-B90F-6A9748219F3E}.Debug|Any CPU.ActiveCfg = Debug|Any CPU
		{34179443-477A-436C-B90F-6A9748219F3E}.Debug|Any CPU.Build.0 = Debug|Any CPU
		{34179443-477A-436C-B90F-6A9748219F3E}.Release|Any CPU.ActiveCfg = Release|Any CPU
		{34179443-477A-436C-B90F-6A9748219F3E}.Release|Any CPU.Build.0 = Release|Any CPU
	EndGlobalSection
	GlobalSection(SolutionProperties) = preSolution
		HideSolutionNode = FALSE
	EndGlobalSection
	GlobalSection(ExtensibilityGlobals) = postSolution
		SolutionGuid = {C7BD6CCC-CED1-4304-850E-48E31B9D9394}
	EndGlobalSection
EndGlobal
