
Microsoft Visual Studio Solution File, Format Version 12.00
# Visual Studio Version 16
VisualStudioVersion = 16.0.30717.126
MinimumVisualStudioVersion = 10.0.40219.1
Project("{FAE04EC0-301F-11D3-BF4B-00C04F79EFBC}") = "ch01_01", "ch01_01\ch01_01.csproj", "{8F4F19E2-F628-44A3-9992-150A163F0643}"
EndProject
Global
	GlobalSection(SolutionConfigurationPlatforms) = preSolution
		Debug|Any CPU = Debug|Any CPU
		Release|Any CPU = Release|Any CPU
	EndGlobalSection
	GlobalSection(ProjectConfigurationPlatforms) = postSolution
		{8F4F19E2-F628-44A3-9992-150A163F0643}.Debug|Any CPU.ActiveCfg = Debug|Any CPU
		{8F4F19E2-F628-44A3-9992-150A163F0643}.Debug|Any CPU.Build.0 = Debug|Any CPU
		{8F4F19E2-F628-44A3-9992-150A163F0643}.Release|Any CPU.ActiveCfg = Release|Any CPU
		{8F4F19E2-F628-44A3-9992-150A163F0643}.Release|Any CPU.Build.0 = Release|Any CPU
	EndGlobalSection
	GlobalSection(SolutionProperties) = preSolution
		HideSolutionNode = FALSE
	EndGlobalSection
	GlobalSection(ExtensibilityGlobals) = postSolution
		SolutionGuid = {FC9F0E08-2D0F-41A5-80D4-786648BA6E37}
	EndGlobalSection
EndGlobal
